
Microsoft Visual Studio Solution File, Format Version 12.00
# Visual Studio Version 17
VisualStudioVersion = 17.2.32314.265
MinimumVisualStudioVersion = 10.0.40219.1
Project("{9A19103F-16F7-4668-BE54-9A1E7A4F7556}") = "ServerApp", "ServerApp.csproj", "{10EEC5AA-6996-4E86-A40A-320AC561FEEC}"
EndProject
Project("{9A19103F-16F7-4668-BE54-9A1E7A4F7556}") = "ClientApp", "..\ClientApp\ClientApp.csproj", "{159504A9-ABB1-4BD9-BC20-5C9A10FEE375}"
EndProject
Global
	GlobalSection(SolutionConfigurationPlatforms) = preSolution
		Debug|Any CPU = Debug|Any CPU
		Release|Any CPU = Release|Any CPU
	EndGlobalSection
	GlobalSection(ProjectConfigurationPlatforms) = postSolution
		{10EEC5AA-6996-4E86-A40A-320AC561FEEC}.Debug|Any CPU.ActiveCfg = Debug|Any CPU
		{10EEC5AA-6996-4E86-A40A-320AC561FEEC}.Debug|Any CPU.Build.0 = Debug|Any CPU
		{10EEC5AA-6996-4E86-A40A-320AC561FEEC}.Release|Any CPU.ActiveCfg = Release|Any CPU
		{10EEC5AA-6996-4E86-A40A-320AC561FEEC}.Release|Any CPU.Build.0 = Release|Any CPU
		{159504A9-ABB1-4BD9-BC20-5C9A10FEE375}.Debug|Any CPU.ActiveCfg = Debug|Any CPU
		{159504A9-ABB1-4BD9-BC20-5C9A10FEE375}.Debug|Any CPU.Build.0 = Debug|Any CPU
		{159504A9-ABB1-4BD9-BC20-5C9A10FEE375}.Release|Any CPU.ActiveCfg = Release|Any CPU
		{159504A9-ABB1-4BD9-BC20-5C9A10FEE375}.Release|Any CPU.Build.0 = Release|Any CPU
	EndGlobalSection
	GlobalSection(SolutionProperties) = preSolution
		HideSolutionNode = FALSE
	EndGlobalSection
	GlobalSection(ExtensibilityGlobals) = postSolution
		SolutionGuid = {E6574A59-2B8B-4FD7-BA78-EF0A2E7AA578}
	EndGlobalSection
EndGlobal
