
Microsoft Visual Studio Solution File, Format Version 12.00
# Visual Studio Version 17
VisualStudioVersion = 17.2.32314.265
MinimumVisualStudioVersion = 10.0.40219.1
Project("{FAE04EC0-301F-11D3-BF4B-00C04F79EFBC}") = "ServerApp", "ServerApp.csproj", "{10EEC5AA-6996-4E86-A40A-320AC561FEEC}"
EndProject
Global
	GlobalSection(SolutionConfigurationPlatforms) = preSolution
		Debug|Any CPU = Debug|Any CPU
		Release|Any CPU = Release|Any CPU
	EndGlobalSection
	GlobalSection(ProjectConfigurationPlatforms) = postSolution
		{10EEC5AA-6996-4E86-A40A-320AC561FEEC}.Debug|Any CPU.ActiveCfg = Debug|Any CPU
		{10EEC5AA-6996-4E86-A40A-320AC561FEEC}.Debug|Any CPU.Build.0 = Debug|Any CPU
		{10EEC5AA-6996-4E86-A40A-320AC561FEEC}.Release|Any CPU.ActiveCfg = Release|Any CPU
		{10EEC5AA-6996-4E86-A40A-320AC561FEEC}.Release|Any CPU.Build.0 = Release|Any CPU
	EndGlobalSection
	GlobalSection(SolutionProperties) = preSolution
		HideSolutionNode = FALSE
	EndGlobalSection
	GlobalSection(ExtensibilityGlobals) = postSolution
		SolutionGuid = {E6574A59-2B8B-4FD7-BA78-EF0A2E7AA578}
	EndGlobalSection
EndGlobal
